
Microsoft Visual Studio Solution File, Format Version 12.00
# Visual Studio Version 16
VisualStudioVersion = 16.0.30320.27
MinimumVisualStudioVersion = 10.0.40219.1
Project("{8BC9CEB8-8B4A-11D0-8D11-00A0C91BC942}") = "JumpRansomware", "JumpRansomware\JumpRansomware.vcxproj", "{2A81AD7E-CE0B-4A4A-A34E-B7A9471E26B9}"
EndProject
Global
	GlobalSection(SolutionConfigurationPlatforms) = preSolution
		Debug|x64 = Debug|x64
		Debug|x86 = Debug|x86
		Release|x64 = Release|x64
		Release|x86 = Release|x86
	EndGlobalSection
	GlobalSection(ProjectConfigurationPlatforms) = postSolution
		{2A81AD7E-CE0B-4A4A-A34E-B7A9471E26B9}.Debug|x64.ActiveCfg = Debug|x64
		{2A81AD7E-CE0B-4A4A-A34E-B7A9471E26B9}.Debug|x64.Build.0 = Debug|x64
		{2A81AD7E-CE0B-4A4A-A34E-B7A9471E26B9}.Debug|x86.ActiveCfg = Debug|Win32
		{2A81AD7E-CE0B-4A4A-A34E-B7A9471E26B9}.Debug|x86.Build.0 = Debug|Win32
		{2A81AD7E-CE0B-4A4A-A34E-B7A9471E26B9}.Release|x64.ActiveCfg = Release|x64
		{2A81AD7E-CE0B-4A4A-A34E-B7A9471E26B9}.Release|x64.Build.0 = Release|x64
		{2A81AD7E-CE0B-4A4A-A34E-B7A9471E26B9}.Release|x86.ActiveCfg = Release|Win32
		{2A81AD7E-CE0B-4A4A-A34E-B7A9471E26B9}.Release|x86.Build.0 = Release|Win32
	EndGlobalSection
	GlobalSection(SolutionProperties) = preSolution
		HideSolutionNode = FALSE
	EndGlobalSection
	GlobalSection(ExtensibilityGlobals) = postSolution
		SolutionGuid = {76425A89-A657-4A04-BD8F-B22F6A576DF2}
	EndGlobalSection
EndGlobal
